// !$*UTF8*$!
{
	archiveVersion = 1;
	classes = {
	};
	objectVersion = 46;
	objects = {

/* Begin PBXBuildFile section */
		CA1C3FEC1B791CA20048126F /* ActionCreatorSpec.swift in Sources */ = {isa = PBXBuildFile; fileRef = CA1C3FEA1B7919390048126F /* ActionCreatorSpec.swift */; };
		CA1C3FED1B791CA30048126F /* ActionCreatorSpec.swift in Sources */ = {isa = PBXBuildFile; fileRef = CA1C3FEA1B7919390048126F /* ActionCreatorSpec.swift */; };
		CA37943C1B6F65BA000AE5F2 /* Nimble.framework in CopyFiles */ = {isa = PBXBuildFile; fileRef = CAEF5DB51B6D3951005684E2 /* Nimble.framework */; settings = {ATTRIBUTES = (CodeSignOnCopy, RemoveHeadersOnCopy, ); }; };
		CA37943D1B6F65BA000AE5F2 /* Quick.framework in CopyFiles */ = {isa = PBXBuildFile; fileRef = CAEF56D71B6D36D3005684E2 /* Quick.framework */; settings = {ATTRIBUTES = (CodeSignOnCopy, RemoveHeadersOnCopy, ); }; };
		CA37943E1B6F65CF000AE5F2 /* SwiftFlux.framework in CopyFiles */ = {isa = PBXBuildFile; fileRef = CA3159FB1B6D2FB5004A8F2C /* SwiftFlux.framework */; settings = {ATTRIBUTES = (CodeSignOnCopy, RemoveHeadersOnCopy, ); }; };
		CA3794401B6F65DF000AE5F2 /* Result.framework in CopyFiles */ = {isa = PBXBuildFile; fileRef = CAEF56D81B6D36D3005684E2 /* Result.framework */; settings = {ATTRIBUTES = (CodeSignOnCopy, RemoveHeadersOnCopy, ); }; };
		CA3794441B6F6632000AE5F2 /* SwiftFlux.framework in Copy Files (2 items) */ = {isa = PBXBuildFile; fileRef = CACC47F51B6B9DDA00FDF2BF /* SwiftFlux.framework */; settings = {ATTRIBUTES = (CodeSignOnCopy, RemoveHeadersOnCopy, ); }; };
		CA70C3591BFF82CA00EABF70 /* Result.framework in Frameworks */ = {isa = PBXBuildFile; fileRef = CA70C3541BFF82AA00EABF70 /* Result.framework */; };
		CA70C35A1BFF82E200EABF70 /* Result.framework in Frameworks */ = {isa = PBXBuildFile; fileRef = CAEF56D31B6D36D3005684E2 /* Result.framework */; };
		CA7C53FC1B6DEB8D00F393CB /* Result.framework in Frameworks */ = {isa = PBXBuildFile; fileRef = CAEF56D31B6D36D3005684E2 /* Result.framework */; };
		CA7C53FD1B6DEB8D00F393CB /* Result.framework in Embed Frameworks */ = {isa = PBXBuildFile; fileRef = CAEF56D31B6D36D3005684E2 /* Result.framework */; settings = {ATTRIBUTES = (CodeSignOnCopy, RemoveHeadersOnCopy, ); }; };
		CA7C54001B6DF4B400F393CB /* StoreSpec.swift in Sources */ = {isa = PBXBuildFile; fileRef = CA7C53FE1B6DF17300F393CB /* StoreSpec.swift */; };
		CA7C54011B6DF4B400F393CB /* StoreSpec.swift in Sources */ = {isa = PBXBuildFile; fileRef = CA7C53FE1B6DF17300F393CB /* StoreSpec.swift */; };
		CACA8E3E1B6CD85F00F051B8 /* AppDelegate.swift in Sources */ = {isa = PBXBuildFile; fileRef = CACA8E3D1B6CD85F00F051B8 /* AppDelegate.swift */; };
		CACA8E401B6CD85F00F051B8 /* TodoListViewController.swift in Sources */ = {isa = PBXBuildFile; fileRef = CACA8E3F1B6CD85F00F051B8 /* TodoListViewController.swift */; };
		CACA8E431B6CD85F00F051B8 /* Main.storyboard in Resources */ = {isa = PBXBuildFile; fileRef = CACA8E411B6CD85F00F051B8 /* Main.storyboard */; };
		CACA8E451B6CD85F00F051B8 /* Images.xcassets in Resources */ = {isa = PBXBuildFile; fileRef = CACA8E441B6CD85F00F051B8 /* Images.xcassets */; };
		CACA8E481B6CD85F00F051B8 /* LaunchScreen.xib in Resources */ = {isa = PBXBuildFile; fileRef = CACA8E461B6CD85F00F051B8 /* LaunchScreen.xib */; };
		CACA8E5B1B6CD87600F051B8 /* SwiftFlux.framework in Frameworks */ = {isa = PBXBuildFile; fileRef = CACC47F51B6B9DDA00FDF2BF /* SwiftFlux.framework */; };
		CACA8E5C1B6CD87600F051B8 /* SwiftFlux.framework in Embed Frameworks */ = {isa = PBXBuildFile; fileRef = CACC47F51B6B9DDA00FDF2BF /* SwiftFlux.framework */; settings = {ATTRIBUTES = (CodeSignOnCopy, RemoveHeadersOnCopy, ); }; };
		CACA8E691B6CD91200F051B8 /* TodoAction.swift in Sources */ = {isa = PBXBuildFile; fileRef = CACA8E681B6CD91200F051B8 /* TodoAction.swift */; };
		CACA8E6C1B6CD93E00F051B8 /* Todo.swift in Sources */ = {isa = PBXBuildFile; fileRef = CACA8E6B1B6CD93E00F051B8 /* Todo.swift */; };
		CACA8E6E1B6CD95600F051B8 /* TodoStore.swift in Sources */ = {isa = PBXBuildFile; fileRef = CACA8E6D1B6CD95600F051B8 /* TodoStore.swift */; };
		CACC47FB1B6B9DDA00FDF2BF /* SwiftFlux.h in Headers */ = {isa = PBXBuildFile; fileRef = CACC47FA1B6B9DDA00FDF2BF /* SwiftFlux.h */; settings = {ATTRIBUTES = (Public, ); }; };
		CACC48121B6B9E4900FDF2BF /* Dispatcher.swift in Sources */ = {isa = PBXBuildFile; fileRef = CACC48111B6B9E4900FDF2BF /* Dispatcher.swift */; };
		CACC48141B6B9E8000FDF2BF /* Action.swift in Sources */ = {isa = PBXBuildFile; fileRef = CACC48131B6B9E8000FDF2BF /* Action.swift */; };
		CACC48161B6BA00D00FDF2BF /* Store.swift in Sources */ = {isa = PBXBuildFile; fileRef = CACC48151B6BA00D00FDF2BF /* Store.swift */; };
		CAEAF03C1BFB97DF0021CC66 /* ReduceStore.swift in Sources */ = {isa = PBXBuildFile; fileRef = CAEAF03B1BFB97DF0021CC66 /* ReduceStore.swift */; };
		CAEEE1191BFDBB29000C1B09 /* ReduceStoreSpec.swift in Sources */ = {isa = PBXBuildFile; fileRef = CAEAF03E1BFBA4EB0021CC66 /* ReduceStoreSpec.swift */; };
		CAEEE11A1BFDBB2A000C1B09 /* ReduceStoreSpec.swift in Sources */ = {isa = PBXBuildFile; fileRef = CAEAF03E1BFBA4EB0021CC66 /* ReduceStoreSpec.swift */; };
		CAEEE11B1BFDC3C5000C1B09 /* ReduceStore.swift in Sources */ = {isa = PBXBuildFile; fileRef = CAEAF03B1BFB97DF0021CC66 /* ReduceStore.swift */; };
		CAEF4EC21B6D3296005684E2 /* SwiftFlux.h in Headers */ = {isa = PBXBuildFile; fileRef = CACC47FA1B6B9DDA00FDF2BF /* SwiftFlux.h */; settings = {ATTRIBUTES = (Public, ); }; };
		CAEF5DAF1B6D374D005684E2 /* Result.framework in Frameworks */ = {isa = PBXBuildFile; fileRef = CAEF56D81B6D36D3005684E2 /* Result.framework */; };
		CAEF5DBD1B6D3989005684E2 /* DispatcherSpec.swift in Sources */ = {isa = PBXBuildFile; fileRef = CAEF5DBA1B6D3989005684E2 /* DispatcherSpec.swift */; };
		CAEF5DBE1B6D3989005684E2 /* DispatcherSpec.swift in Sources */ = {isa = PBXBuildFile; fileRef = CAEF5DBA1B6D3989005684E2 /* DispatcherSpec.swift */; };
		CAEF5DBF1B6D3A5C005684E2 /* SwiftFlux.framework in Frameworks */ = {isa = PBXBuildFile; fileRef = CACC47F51B6B9DDA00FDF2BF /* SwiftFlux.framework */; };
		CAEF5DC11B6D3A6B005684E2 /* Result.framework in Frameworks */ = {isa = PBXBuildFile; fileRef = CAEF56D31B6D36D3005684E2 /* Result.framework */; };
		CAEF5DC21B6D3A6D005684E2 /* Nimble.framework in Frameworks */ = {isa = PBXBuildFile; fileRef = CAEF5DB01B6D3927005684E2 /* Nimble.framework */; };
		CAEF5DC31B6D3A71005684E2 /* Quick.framework in Frameworks */ = {isa = PBXBuildFile; fileRef = CAEF56D21B6D36D3005684E2 /* Quick.framework */; };
		CAEF5DC41B6D3A79005684E2 /* SwiftFlux.framework in Frameworks */ = {isa = PBXBuildFile; fileRef = CA3159FB1B6D2FB5004A8F2C /* SwiftFlux.framework */; };
		CAEF5DC61B6D3A7C005684E2 /* Result.framework in Frameworks */ = {isa = PBXBuildFile; fileRef = CAEF56D81B6D36D3005684E2 /* Result.framework */; };
		CAEF5DC71B6D3A7C005684E2 /* Nimble.framework in Frameworks */ = {isa = PBXBuildFile; fileRef = CAEF5DB51B6D3951005684E2 /* Nimble.framework */; };
		CAEF5DC81B6D3A7C005684E2 /* Quick.framework in Frameworks */ = {isa = PBXBuildFile; fileRef = CAEF56D71B6D36D3005684E2 /* Quick.framework */; };
		CAEF5DCD1B6D3D5F005684E2 /* Store.swift in Sources */ = {isa = PBXBuildFile; fileRef = CACC48151B6BA00D00FDF2BF /* Store.swift */; };
		CAEF5DCE1B6D3D61005684E2 /* Action.swift in Sources */ = {isa = PBXBuildFile; fileRef = CACC48131B6B9E8000FDF2BF /* Action.swift */; };
		CAEF5DCF1B6D3D64005684E2 /* Dispatcher.swift in Sources */ = {isa = PBXBuildFile; fileRef = CACC48111B6B9E4900FDF2BF /* Dispatcher.swift */; };
		CAEF5DD21B6DC0F7005684E2 /* Nimble.framework in Copy Files (2 items) */ = {isa = PBXBuildFile; fileRef = CAEF5DB01B6D3927005684E2 /* Nimble.framework */; settings = {ATTRIBUTES = (CodeSignOnCopy, RemoveHeadersOnCopy, ); }; };
		CAEF5DD31B6DC0F7005684E2 /* Quick.framework in Copy Files (2 items) */ = {isa = PBXBuildFile; fileRef = CAEF56D21B6D36D3005684E2 /* Quick.framework */; settings = {ATTRIBUTES = (CodeSignOnCopy, RemoveHeadersOnCopy, ); }; };
		CAEF5DD71B6DC7B6005684E2 /* Result.framework in Copy Files (2 items) */ = {isa = PBXBuildFile; fileRef = CAEF56D31B6D36D3005684E2 /* Result.framework */; settings = {ATTRIBUTES = (CodeSignOnCopy, RemoveHeadersOnCopy, ); }; };
		CAFDEA171BFF59E000AF7A09 /* StoreBase.swift in Sources */ = {isa = PBXBuildFile; fileRef = CAFDEA161BFF59E000AF7A09 /* StoreBase.swift */; };
		CAFDEA181BFF59E500AF7A09 /* StoreBase.swift in Sources */ = {isa = PBXBuildFile; fileRef = CAFDEA161BFF59E000AF7A09 /* StoreBase.swift */; };
		CAFDEA1B1BFF5D5300AF7A09 /* StoreBaseSpec.swift in Sources */ = {isa = PBXBuildFile; fileRef = CAFDEA191BFF5D4E00AF7A09 /* StoreBaseSpec.swift */; };
		CAFDEA1C1BFF5D5300AF7A09 /* StoreBaseSpec.swift in Sources */ = {isa = PBXBuildFile; fileRef = CAFDEA191BFF5D4E00AF7A09 /* StoreBaseSpec.swift */; };
		CAFDEA1E1BFF64F700AF7A09 /* CreateTodoViewController.swift in Sources */ = {isa = PBXBuildFile; fileRef = CAFDEA1D1BFF64F700AF7A09 /* CreateTodoViewController.swift */; };
		CAFDEA2C1BFF762200AF7A09 /* Dispatcher.swift in Sources */ = {isa = PBXBuildFile; fileRef = CACC48111B6B9E4900FDF2BF /* Dispatcher.swift */; };
		CAFDEA2D1BFF762200AF7A09 /* Action.swift in Sources */ = {isa = PBXBuildFile; fileRef = CACC48131B6B9E8000FDF2BF /* Action.swift */; };
		CAFDEA2E1BFF762300AF7A09 /* Store.swift in Sources */ = {isa = PBXBuildFile; fileRef = CACC48151B6BA00D00FDF2BF /* Store.swift */; };
		CAFDEA2F1BFF762700AF7A09 /* StoreBase.swift in Sources */ = {isa = PBXBuildFile; fileRef = CAFDEA161BFF59E000AF7A09 /* StoreBase.swift */; };
		CAFDEA301BFF762700AF7A09 /* ReduceStore.swift in Sources */ = {isa = PBXBuildFile; fileRef = CAEAF03B1BFB97DF0021CC66 /* ReduceStore.swift */; };
/* End PBXBuildFile section */

/* Begin PBXContainerItemProxy section */
		CA315A071B6D2FB5004A8F2C /* PBXContainerItemProxy */ = {
			isa = PBXContainerItemProxy;
			containerPortal = CACC47EC1B6B9DDA00FDF2BF /* Project object */;
			proxyType = 1;
			remoteGlobalIDString = CA3159FA1B6D2FB5004A8F2C;
			remoteInfo = "SwiftFlux-Mac";
		};
		CACA8E5D1B6CD87600F051B8 /* PBXContainerItemProxy */ = {
			isa = PBXContainerItemProxy;
			containerPortal = CACC47EC1B6B9DDA00FDF2BF /* Project object */;
			proxyType = 1;
			remoteGlobalIDString = CACC47F41B6B9DDA00FDF2BF;
			remoteInfo = SwiftFlux;
		};
		CACC48021B6B9DDA00FDF2BF /* PBXContainerItemProxy */ = {
			isa = PBXContainerItemProxy;
			containerPortal = CACC47EC1B6B9DDA00FDF2BF /* Project object */;
			proxyType = 1;
			remoteGlobalIDString = CACC47F41B6B9DDA00FDF2BF;
			remoteInfo = SwiftFlux;
		};
/* End PBXContainerItemProxy section */

/* Begin PBXCopyFilesBuildPhase section */
		CA37943B1B6F65A9000AE5F2 /* CopyFiles */ = {
			isa = PBXCopyFilesBuildPhase;
			buildActionMask = 2147483647;
			dstPath = "";
			dstSubfolderSpec = 10;
			files = (
				CA3794401B6F65DF000AE5F2 /* Result.framework in CopyFiles */,
				CA37943E1B6F65CF000AE5F2 /* SwiftFlux.framework in CopyFiles */,
				CA37943C1B6F65BA000AE5F2 /* Nimble.framework in CopyFiles */,
				CA37943D1B6F65BA000AE5F2 /* Quick.framework in CopyFiles */,
			);
			runOnlyForDeploymentPostprocessing = 0;
		};
		CACA8E5F1B6CD87700F051B8 /* Embed Frameworks */ = {
			isa = PBXCopyFilesBuildPhase;
			buildActionMask = 2147483647;
			dstPath = "";
			dstSubfolderSpec = 10;
			files = (
				CA7C53FD1B6DEB8D00F393CB /* Result.framework in Embed Frameworks */,
				CACA8E5C1B6CD87600F051B8 /* SwiftFlux.framework in Embed Frameworks */,
			);
			name = "Embed Frameworks";
			runOnlyForDeploymentPostprocessing = 0;
		};
		CAEF5DD11B6DC0E3005684E2 /* Copy Files (2 items) */ = {
			isa = PBXCopyFilesBuildPhase;
			buildActionMask = 2147483647;
			dstPath = "";
			dstSubfolderSpec = 10;
			files = (
				CA3794441B6F6632000AE5F2 /* SwiftFlux.framework in Copy Files (2 items) */,
				CAEF5DD71B6DC7B6005684E2 /* Result.framework in Copy Files (2 items) */,
				CAEF5DD21B6DC0F7005684E2 /* Nimble.framework in Copy Files (2 items) */,
				CAEF5DD31B6DC0F7005684E2 /* Quick.framework in Copy Files (2 items) */,
			);
			name = "Copy Files (2 items)";
			runOnlyForDeploymentPostprocessing = 0;
		};
/* End PBXCopyFilesBuildPhase section */

/* Begin PBXFileReference section */
		CA1C3FEA1B7919390048126F /* ActionCreatorSpec.swift */ = {isa = PBXFileReference; fileEncoding = 4; lastKnownFileType = sourcecode.swift; path = ActionCreatorSpec.swift; sourceTree = "<group>"; };
		CA3159FB1B6D2FB5004A8F2C /* SwiftFlux.framework */ = {isa = PBXFileReference; explicitFileType = wrapper.framework; includeInIndex = 0; path = SwiftFlux.framework; sourceTree = BUILT_PRODUCTS_DIR; };
		CA315A051B6D2FB5004A8F2C /* SwiftFluxTests.xctest */ = {isa = PBXFileReference; explicitFileType = wrapper.cfbundle; includeInIndex = 0; path = SwiftFluxTests.xctest; sourceTree = BUILT_PRODUCTS_DIR; };
		CA70C3541BFF82AA00EABF70 /* Result.framework */ = {isa = PBXFileReference; lastKnownFileType = wrapper.framework; path = Result.framework; sourceTree = "<group>"; };
		CA7C53FE1B6DF17300F393CB /* StoreSpec.swift */ = {isa = PBXFileReference; fileEncoding = 4; lastKnownFileType = sourcecode.swift; path = StoreSpec.swift; sourceTree = "<group>"; };
		CACA8E391B6CD85F00F051B8 /* DemoApp.app */ = {isa = PBXFileReference; explicitFileType = wrapper.application; includeInIndex = 0; path = DemoApp.app; sourceTree = BUILT_PRODUCTS_DIR; };
		CACA8E3C1B6CD85F00F051B8 /* Info.plist */ = {isa = PBXFileReference; lastKnownFileType = text.plist.xml; path = Info.plist; sourceTree = "<group>"; };
		CACA8E3D1B6CD85F00F051B8 /* AppDelegate.swift */ = {isa = PBXFileReference; lastKnownFileType = sourcecode.swift; path = AppDelegate.swift; sourceTree = "<group>"; };
		CACA8E3F1B6CD85F00F051B8 /* TodoListViewController.swift */ = {isa = PBXFileReference; lastKnownFileType = sourcecode.swift; path = TodoListViewController.swift; sourceTree = "<group>"; };
		CACA8E421B6CD85F00F051B8 /* Base */ = {isa = PBXFileReference; lastKnownFileType = file.storyboard; name = Base; path = Base.lproj/Main.storyboard; sourceTree = "<group>"; };
		CACA8E441B6CD85F00F051B8 /* Images.xcassets */ = {isa = PBXFileReference; lastKnownFileType = folder.assetcatalog; path = Images.xcassets; sourceTree = "<group>"; };
		CACA8E471B6CD85F00F051B8 /* Base */ = {isa = PBXFileReference; lastKnownFileType = file.xib; name = Base; path = Base.lproj/LaunchScreen.xib; sourceTree = "<group>"; };
		CACA8E681B6CD91200F051B8 /* TodoAction.swift */ = {isa = PBXFileReference; fileEncoding = 4; lastKnownFileType = sourcecode.swift; path = TodoAction.swift; sourceTree = "<group>"; };
		CACA8E6B1B6CD93E00F051B8 /* Todo.swift */ = {isa = PBXFileReference; fileEncoding = 4; lastKnownFileType = sourcecode.swift; path = Todo.swift; sourceTree = "<group>"; };
		CACA8E6D1B6CD95600F051B8 /* TodoStore.swift */ = {isa = PBXFileReference; fileEncoding = 4; lastKnownFileType = sourcecode.swift; path = TodoStore.swift; sourceTree = "<group>"; };
		CACC47F51B6B9DDA00FDF2BF /* SwiftFlux.framework */ = {isa = PBXFileReference; explicitFileType = wrapper.framework; includeInIndex = 0; path = SwiftFlux.framework; sourceTree = BUILT_PRODUCTS_DIR; };
		CACC47F91B6B9DDA00FDF2BF /* Info.plist */ = {isa = PBXFileReference; lastKnownFileType = text.plist.xml; path = Info.plist; sourceTree = "<group>"; };
		CACC47FA1B6B9DDA00FDF2BF /* SwiftFlux.h */ = {isa = PBXFileReference; lastKnownFileType = sourcecode.c.h; path = SwiftFlux.h; sourceTree = "<group>"; };
		CACC48001B6B9DDA00FDF2BF /* SwiftFluxTests.xctest */ = {isa = PBXFileReference; explicitFileType = wrapper.cfbundle; includeInIndex = 0; path = SwiftFluxTests.xctest; sourceTree = BUILT_PRODUCTS_DIR; };
		CACC48061B6B9DDA00FDF2BF /* Info.plist */ = {isa = PBXFileReference; lastKnownFileType = text.plist.xml; path = Info.plist; sourceTree = "<group>"; };
		CACC48111B6B9E4900FDF2BF /* Dispatcher.swift */ = {isa = PBXFileReference; fileEncoding = 4; lastKnownFileType = sourcecode.swift; path = Dispatcher.swift; sourceTree = "<group>"; };
		CACC48131B6B9E8000FDF2BF /* Action.swift */ = {isa = PBXFileReference; fileEncoding = 4; lastKnownFileType = sourcecode.swift; path = Action.swift; sourceTree = "<group>"; };
		CACC48151B6BA00D00FDF2BF /* Store.swift */ = {isa = PBXFileReference; fileEncoding = 4; lastKnownFileType = sourcecode.swift; path = Store.swift; sourceTree = "<group>"; };
		CAEAF03B1BFB97DF0021CC66 /* ReduceStore.swift */ = {isa = PBXFileReference; fileEncoding = 4; lastKnownFileType = sourcecode.swift; path = ReduceStore.swift; sourceTree = "<group>"; };
		CAEAF03E1BFBA4EB0021CC66 /* ReduceStoreSpec.swift */ = {isa = PBXFileReference; fileEncoding = 4; lastKnownFileType = sourcecode.swift; path = ReduceStoreSpec.swift; sourceTree = "<group>"; };
		CAEF56D21B6D36D3005684E2 /* Quick.framework */ = {isa = PBXFileReference; lastKnownFileType = wrapper.framework; path = Quick.framework; sourceTree = "<group>"; };
		CAEF56D31B6D36D3005684E2 /* Result.framework */ = {isa = PBXFileReference; lastKnownFileType = wrapper.framework; path = Result.framework; sourceTree = "<group>"; };
		CAEF56D71B6D36D3005684E2 /* Quick.framework */ = {isa = PBXFileReference; lastKnownFileType = wrapper.framework; path = Quick.framework; sourceTree = "<group>"; };
		CAEF56D81B6D36D3005684E2 /* Result.framework */ = {isa = PBXFileReference; lastKnownFileType = wrapper.framework; path = Result.framework; sourceTree = "<group>"; };
		CAEF5DB01B6D3927005684E2 /* Nimble.framework */ = {isa = PBXFileReference; lastKnownFileType = wrapper.framework; path = Nimble.framework; sourceTree = "<group>"; };
		CAEF5DB51B6D3951005684E2 /* Nimble.framework */ = {isa = PBXFileReference; lastKnownFileType = wrapper.framework; path = Nimble.framework; sourceTree = "<group>"; };
		CAEF5DBA1B6D3989005684E2 /* DispatcherSpec.swift */ = {isa = PBXFileReference; fileEncoding = 4; lastKnownFileType = sourcecode.swift; path = DispatcherSpec.swift; sourceTree = "<group>"; };
		CAFDEA161BFF59E000AF7A09 /* StoreBase.swift */ = {isa = PBXFileReference; fileEncoding = 4; lastKnownFileType = sourcecode.swift; path = StoreBase.swift; sourceTree = "<group>"; };
		CAFDEA191BFF5D4E00AF7A09 /* StoreBaseSpec.swift */ = {isa = PBXFileReference; fileEncoding = 4; lastKnownFileType = sourcecode.swift; path = StoreBaseSpec.swift; sourceTree = "<group>"; };
		CAFDEA1D1BFF64F700AF7A09 /* CreateTodoViewController.swift */ = {isa = PBXFileReference; fileEncoding = 4; lastKnownFileType = sourcecode.swift; path = CreateTodoViewController.swift; sourceTree = "<group>"; };
		CAFDEA241BFF749B00AF7A09 /* SwiftFlux.framework */ = {isa = PBXFileReference; explicitFileType = wrapper.framework; includeInIndex = 0; path = SwiftFlux.framework; sourceTree = BUILT_PRODUCTS_DIR; };
/* End PBXFileReference section */

/* Begin PBXFrameworksBuildPhase section */
		CA3159F71B6D2FB5004A8F2C /* Frameworks */ = {
			isa = PBXFrameworksBuildPhase;
			buildActionMask = 2147483647;
			files = (
				CAEF5DAF1B6D374D005684E2 /* Result.framework in Frameworks */,
			);
			runOnlyForDeploymentPostprocessing = 0;
		};
		CA315A021B6D2FB5004A8F2C /* Frameworks */ = {
			isa = PBXFrameworksBuildPhase;
			buildActionMask = 2147483647;
			files = (
				CAEF5DC41B6D3A79005684E2 /* SwiftFlux.framework in Frameworks */,
				CAEF5DC61B6D3A7C005684E2 /* Result.framework in Frameworks */,
				CAEF5DC71B6D3A7C005684E2 /* Nimble.framework in Frameworks */,
				CAEF5DC81B6D3A7C005684E2 /* Quick.framework in Frameworks */,
			);
			runOnlyForDeploymentPostprocessing = 0;
		};
		CACA8E361B6CD85F00F051B8 /* Frameworks */ = {
			isa = PBXFrameworksBuildPhase;
			buildActionMask = 2147483647;
			files = (
				CA7C53FC1B6DEB8D00F393CB /* Result.framework in Frameworks */,
				CACA8E5B1B6CD87600F051B8 /* SwiftFlux.framework in Frameworks */,
			);
			runOnlyForDeploymentPostprocessing = 0;
		};
		CACC47F11B6B9DDA00FDF2BF /* Frameworks */ = {
			isa = PBXFrameworksBuildPhase;
			buildActionMask = 2147483647;
			files = (
				CA70C35A1BFF82E200EABF70 /* Result.framework in Frameworks */,
			);
			runOnlyForDeploymentPostprocessing = 0;
		};
		CACC47FD1B6B9DDA00FDF2BF /* Frameworks */ = {
			isa = PBXFrameworksBuildPhase;
			buildActionMask = 2147483647;
			files = (
				CAEF5DC31B6D3A71005684E2 /* Quick.framework in Frameworks */,
				CAEF5DC21B6D3A6D005684E2 /* Nimble.framework in Frameworks */,
				CAEF5DBF1B6D3A5C005684E2 /* SwiftFlux.framework in Frameworks */,
				CAEF5DC11B6D3A6B005684E2 /* Result.framework in Frameworks */,
			);
			runOnlyForDeploymentPostprocessing = 0;
		};
		CAFDEA201BFF749B00AF7A09 /* Frameworks */ = {
			isa = PBXFrameworksBuildPhase;
			buildActionMask = 2147483647;
			files = (
				CA70C3591BFF82CA00EABF70 /* Result.framework in Frameworks */,
			);
			runOnlyForDeploymentPostprocessing = 0;
		};
/* End PBXFrameworksBuildPhase section */

/* Begin PBXGroup section */
		CA70C3521BFF82AA00EABF70 /* watchOS */ = {
			isa = PBXGroup;
			children = (
				CA70C3541BFF82AA00EABF70 /* Result.framework */,
			);
			path = watchOS;
			sourceTree = "<group>";
		};
		CACA8E3A1B6CD85F00F051B8 /* DemoApp */ = {
			isa = PBXGroup;
			children = (
				CACA8E3D1B6CD85F00F051B8 /* AppDelegate.swift */,
				CACA8E3F1B6CD85F00F051B8 /* TodoListViewController.swift */,
				CAFDEA1D1BFF64F700AF7A09 /* CreateTodoViewController.swift */,
				CACA8E6A1B6CD92D00F051B8 /* Models */,
				CACA8E671B6CD90900F051B8 /* Actions */,
				CACA8E661B6CD8FF00F051B8 /* Stores */,
				CACA8E3B1B6CD85F00F051B8 /* Supporting Files */,
			);
			path = DemoApp;
			sourceTree = "<group>";
		};
		CACA8E3B1B6CD85F00F051B8 /* Supporting Files */ = {
			isa = PBXGroup;
			children = (
				CACA8E3C1B6CD85F00F051B8 /* Info.plist */,
				CACA8E411B6CD85F00F051B8 /* Main.storyboard */,
				CACA8E441B6CD85F00F051B8 /* Images.xcassets */,
				CACA8E461B6CD85F00F051B8 /* LaunchScreen.xib */,
			);
			name = "Supporting Files";
			sourceTree = "<group>";
		};
		CACA8E661B6CD8FF00F051B8 /* Stores */ = {
			isa = PBXGroup;
			children = (
				CACA8E6D1B6CD95600F051B8 /* TodoStore.swift */,
			);
			name = Stores;
			sourceTree = "<group>";
		};
		CACA8E671B6CD90900F051B8 /* Actions */ = {
			isa = PBXGroup;
			children = (
				CACA8E681B6CD91200F051B8 /* TodoAction.swift */,
			);
			name = Actions;
			sourceTree = "<group>";
		};
		CACA8E6A1B6CD92D00F051B8 /* Models */ = {
			isa = PBXGroup;
			children = (
				CACA8E6B1B6CD93E00F051B8 /* Todo.swift */,
			);
			name = Models;
			sourceTree = "<group>";
		};
		CACC47EB1B6B9DDA00FDF2BF = {
			isa = PBXGroup;
			children = (
				CACC47F71B6B9DDA00FDF2BF /* SwiftFlux */,
				CACC48041B6B9DDA00FDF2BF /* SwiftFluxTests */,
				CAEF56CD1B6D36D3005684E2 /* Carthage */,
				CACA8E3A1B6CD85F00F051B8 /* DemoApp */,
				CACC47F61B6B9DDA00FDF2BF /* Products */,
			);
			sourceTree = "<group>";
		};
		CACC47F61B6B9DDA00FDF2BF /* Products */ = {
			isa = PBXGroup;
			children = (
				CACC47F51B6B9DDA00FDF2BF /* SwiftFlux.framework */,
				CACC48001B6B9DDA00FDF2BF /* SwiftFluxTests.xctest */,
				CACA8E391B6CD85F00F051B8 /* DemoApp.app */,
				CA3159FB1B6D2FB5004A8F2C /* SwiftFlux.framework */,
				CA315A051B6D2FB5004A8F2C /* SwiftFluxTests.xctest */,
				CAFDEA241BFF749B00AF7A09 /* SwiftFlux.framework */,
			);
			name = Products;
			sourceTree = "<group>";
		};
		CACC47F71B6B9DDA00FDF2BF /* SwiftFlux */ = {
			isa = PBXGroup;
			children = (
				CACC47FA1B6B9DDA00FDF2BF /* SwiftFlux.h */,
				CACC48111B6B9E4900FDF2BF /* Dispatcher.swift */,
				CACC48131B6B9E8000FDF2BF /* Action.swift */,
				CACC48151B6BA00D00FDF2BF /* Store.swift */,
				CAEAF03A1BFB97CC0021CC66 /* Utils */,
				CACC47F81B6B9DDA00FDF2BF /* Supporting Files */,
			);
			path = SwiftFlux;
			sourceTree = "<group>";
		};
		CACC47F81B6B9DDA00FDF2BF /* Supporting Files */ = {
			isa = PBXGroup;
			children = (
				CACC47F91B6B9DDA00FDF2BF /* Info.plist */,
			);
			name = "Supporting Files";
			sourceTree = "<group>";
		};
		CACC48041B6B9DDA00FDF2BF /* SwiftFluxTests */ = {
			isa = PBXGroup;
			children = (
				CA1C3FEA1B7919390048126F /* ActionCreatorSpec.swift */,
				CAEF5DBA1B6D3989005684E2 /* DispatcherSpec.swift */,
				CA7C53FE1B6DF17300F393CB /* StoreSpec.swift */,
				CAEAF03D1BFBA4C70021CC66 /* Utils */,
				CACC48051B6B9DDA00FDF2BF /* Supporting Files */,
			);
			path = SwiftFluxTests;
			sourceTree = "<group>";
		};
		CACC48051B6B9DDA00FDF2BF /* Supporting Files */ = {
			isa = PBXGroup;
			children = (
				CACC48061B6B9DDA00FDF2BF /* Info.plist */,
			);
			name = "Supporting Files";
			sourceTree = "<group>";
		};
		CAEAF03A1BFB97CC0021CC66 /* Utils */ = {
			isa = PBXGroup;
			children = (
				CAFDEA161BFF59E000AF7A09 /* StoreBase.swift */,
				CAEAF03B1BFB97DF0021CC66 /* ReduceStore.swift */,
			);
			path = Utils;
			sourceTree = "<group>";
		};
		CAEAF03D1BFBA4C70021CC66 /* Utils */ = {
			isa = PBXGroup;
			children = (
				CAFDEA191BFF5D4E00AF7A09 /* StoreBaseSpec.swift */,
				CAEAF03E1BFBA4EB0021CC66 /* ReduceStoreSpec.swift */,
			);
			path = Utils;
			sourceTree = "<group>";
		};
		CAEF56CD1B6D36D3005684E2 /* Carthage */ = {
			isa = PBXGroup;
			children = (
				CAEF56CE1B6D36D3005684E2 /* Build */,
			);
			path = Carthage;
			sourceTree = "<group>";
		};
		CAEF56CE1B6D36D3005684E2 /* Build */ = {
			isa = PBXGroup;
			children = (
				CA70C3521BFF82AA00EABF70 /* watchOS */,
				CAEF56CF1B6D36D3005684E2 /* iOS */,
				CAEF56D41B6D36D3005684E2 /* Mac */,
			);
			path = Build;
			sourceTree = "<group>";
		};
		CAEF56CF1B6D36D3005684E2 /* iOS */ = {
			isa = PBXGroup;
			children = (
				CAEF56D31B6D36D3005684E2 /* Result.framework */,
				CAEF5DB01B6D3927005684E2 /* Nimble.framework */,
				CAEF56D21B6D36D3005684E2 /* Quick.framework */,
			);
			path = iOS;
			sourceTree = "<group>";
		};
		CAEF56D41B6D36D3005684E2 /* Mac */ = {
			isa = PBXGroup;
			children = (
				CAEF56D81B6D36D3005684E2 /* Result.framework */,
				CAEF5DB51B6D3951005684E2 /* Nimble.framework */,
				CAEF56D71B6D36D3005684E2 /* Quick.framework */,
			);
			path = Mac;
			sourceTree = "<group>";
		};
/* End PBXGroup section */

/* Begin PBXHeadersBuildPhase section */
		CA3159F81B6D2FB5004A8F2C /* Headers */ = {
			isa = PBXHeadersBuildPhase;
			buildActionMask = 2147483647;
			files = (
				CAEF4EC21B6D3296005684E2 /* SwiftFlux.h in Headers */,
			);
			runOnlyForDeploymentPostprocessing = 0;
		};
		CACC47F21B6B9DDA00FDF2BF /* Headers */ = {
			isa = PBXHeadersBuildPhase;
			buildActionMask = 2147483647;
			files = (
				CACC47FB1B6B9DDA00FDF2BF /* SwiftFlux.h in Headers */,
			);
			runOnlyForDeploymentPostprocessing = 0;
		};
		CAFDEA211BFF749B00AF7A09 /* Headers */ = {
			isa = PBXHeadersBuildPhase;
			buildActionMask = 2147483647;
			files = (
			);
			runOnlyForDeploymentPostprocessing = 0;
		};
/* End PBXHeadersBuildPhase section */

/* Begin PBXNativeTarget section */
		CA3159FA1B6D2FB5004A8F2C /* SwiftFlux-Mac */ = {
			isa = PBXNativeTarget;
			buildConfigurationList = CA315A121B6D2FB5004A8F2C /* Build configuration list for PBXNativeTarget "SwiftFlux-Mac" */;
			buildPhases = (
				CA3159F61B6D2FB5004A8F2C /* Sources */,
				CA3159F71B6D2FB5004A8F2C /* Frameworks */,
				CA3159F81B6D2FB5004A8F2C /* Headers */,
				CA3159F91B6D2FB5004A8F2C /* Resources */,
			);
			buildRules = (
			);
			dependencies = (
			);
			name = "SwiftFlux-Mac";
			productName = "SwiftFlux-Mac";
			productReference = CA3159FB1B6D2FB5004A8F2C /* SwiftFlux.framework */;
			productType = "com.apple.product-type.framework";
		};
		CA315A041B6D2FB5004A8F2C /* SwiftFlux-MacTests */ = {
			isa = PBXNativeTarget;
			buildConfigurationList = CA315A131B6D2FB5004A8F2C /* Build configuration list for PBXNativeTarget "SwiftFlux-MacTests" */;
			buildPhases = (
				CA315A011B6D2FB5004A8F2C /* Sources */,
				CA315A021B6D2FB5004A8F2C /* Frameworks */,
				CA315A031B6D2FB5004A8F2C /* Resources */,
				CA37943B1B6F65A9000AE5F2 /* CopyFiles */,
			);
			buildRules = (
			);
			dependencies = (
				CA315A081B6D2FB5004A8F2C /* PBXTargetDependency */,
			);
			name = "SwiftFlux-MacTests";
			productName = "SwiftFlux-MacTests";
			productReference = CA315A051B6D2FB5004A8F2C /* SwiftFluxTests.xctest */;
			productType = "com.apple.product-type.bundle.unit-test";
		};
		CACA8E381B6CD85F00F051B8 /* DemoApp */ = {
			isa = PBXNativeTarget;
			buildConfigurationList = CACA8E591B6CD85F00F051B8 /* Build configuration list for PBXNativeTarget "DemoApp" */;
			buildPhases = (
				CACA8E351B6CD85F00F051B8 /* Sources */,
				CACA8E361B6CD85F00F051B8 /* Frameworks */,
				CACA8E371B6CD85F00F051B8 /* Resources */,
				CACA8E5F1B6CD87700F051B8 /* Embed Frameworks */,
			);
			buildRules = (
			);
			dependencies = (
				CACA8E5E1B6CD87600F051B8 /* PBXTargetDependency */,
			);
			name = DemoApp;
			productName = DemoApp;
			productReference = CACA8E391B6CD85F00F051B8 /* DemoApp.app */;
			productType = "com.apple.product-type.application";
		};
		CACC47F41B6B9DDA00FDF2BF /* SwiftFlux-iOS */ = {
			isa = PBXNativeTarget;
			buildConfigurationList = CACC480B1B6B9DDA00FDF2BF /* Build configuration list for PBXNativeTarget "SwiftFlux-iOS" */;
			buildPhases = (
				CACC47F01B6B9DDA00FDF2BF /* Sources */,
				CACC47F11B6B9DDA00FDF2BF /* Frameworks */,
				CACC47F21B6B9DDA00FDF2BF /* Headers */,
				CACC47F31B6B9DDA00FDF2BF /* Resources */,
			);
			buildRules = (
			);
			dependencies = (
			);
			name = "SwiftFlux-iOS";
			productName = SwiftFlux;
			productReference = CACC47F51B6B9DDA00FDF2BF /* SwiftFlux.framework */;
			productType = "com.apple.product-type.framework";
		};
		CACC47FF1B6B9DDA00FDF2BF /* SwiftFlux-iOSTests */ = {
			isa = PBXNativeTarget;
			buildConfigurationList = CACC480E1B6B9DDA00FDF2BF /* Build configuration list for PBXNativeTarget "SwiftFlux-iOSTests" */;
			buildPhases = (
				CACC47FC1B6B9DDA00FDF2BF /* Sources */,
				CACC47FD1B6B9DDA00FDF2BF /* Frameworks */,
				CACC47FE1B6B9DDA00FDF2BF /* Resources */,
				CAEF5DD11B6DC0E3005684E2 /* Copy Files (2 items) */,
			);
			buildRules = (
			);
			dependencies = (
				CACC48031B6B9DDA00FDF2BF /* PBXTargetDependency */,
			);
			name = "SwiftFlux-iOSTests";
			productName = SwiftFluxTests;
			productReference = CACC48001B6B9DDA00FDF2BF /* SwiftFluxTests.xctest */;
			productType = "com.apple.product-type.bundle.unit-test";
		};
		CAFDEA231BFF749B00AF7A09 /* SwiftFlux-watchOS */ = {
			isa = PBXNativeTarget;
			buildConfigurationList = CAFDEA2B1BFF749B00AF7A09 /* Build configuration list for PBXNativeTarget "SwiftFlux-watchOS" */;
			buildPhases = (
				CAFDEA1F1BFF749B00AF7A09 /* Sources */,
				CAFDEA201BFF749B00AF7A09 /* Frameworks */,
				CAFDEA211BFF749B00AF7A09 /* Headers */,
				CAFDEA221BFF749B00AF7A09 /* Resources */,
			);
			buildRules = (
			);
			dependencies = (
			);
			name = "SwiftFlux-watchOS";
			productName = "SwiftFlux-watchOS";
			productReference = CAFDEA241BFF749B00AF7A09 /* SwiftFlux.framework */;
			productType = "com.apple.product-type.framework";
		};
/* End PBXNativeTarget section */

/* Begin PBXProject section */
		CACC47EC1B6B9DDA00FDF2BF /* Project object */ = {
			isa = PBXProject;
			attributes = {
				LastSwiftUpdateCheck = 0710;
				LastUpgradeCheck = 0800;
				ORGANIZATIONNAME = mog2dev;
				TargetAttributes = {
					CA3159FA1B6D2FB5004A8F2C = {
						CreatedOnToolsVersion = 6.4;
					};
					CA315A041B6D2FB5004A8F2C = {
						CreatedOnToolsVersion = 6.4;
					};
					CACA8E381B6CD85F00F051B8 = {
						CreatedOnToolsVersion = 6.4;
					};
					CACC47F41B6B9DDA00FDF2BF = {
						CreatedOnToolsVersion = 6.4;
						LastSwiftMigration = 0800;
					};
					CACC47FF1B6B9DDA00FDF2BF = {
						CreatedOnToolsVersion = 6.4;
						LastSwiftMigration = 0800;
					};
					CAFDEA231BFF749B00AF7A09 = {
						CreatedOnToolsVersion = 7.1.1;
					};
				};
			};
			buildConfigurationList = CACC47EF1B6B9DDA00FDF2BF /* Build configuration list for PBXProject "SwiftFlux" */;
			compatibilityVersion = "Xcode 3.2";
			developmentRegion = English;
			hasScannedForEncodings = 0;
			knownRegions = (
				en,
				Base,
			);
			mainGroup = CACC47EB1B6B9DDA00FDF2BF;
			productRefGroup = CACC47F61B6B9DDA00FDF2BF /* Products */;
			projectDirPath = "";
			projectRoot = "";
			targets = (
				CACC47F41B6B9DDA00FDF2BF /* SwiftFlux-iOS */,
				CA3159FA1B6D2FB5004A8F2C /* SwiftFlux-Mac */,
				CAFDEA231BFF749B00AF7A09 /* SwiftFlux-watchOS */,
				CACC47FF1B6B9DDA00FDF2BF /* SwiftFlux-iOSTests */,
				CA315A041B6D2FB5004A8F2C /* SwiftFlux-MacTests */,
				CACA8E381B6CD85F00F051B8 /* DemoApp */,
			);
		};
/* End PBXProject section */

/* Begin PBXResourcesBuildPhase section */
		CA3159F91B6D2FB5004A8F2C /* Resources */ = {
			isa = PBXResourcesBuildPhase;
			buildActionMask = 2147483647;
			files = (
			);
			runOnlyForDeploymentPostprocessing = 0;
		};
		CA315A031B6D2FB5004A8F2C /* Resources */ = {
			isa = PBXResourcesBuildPhase;
			buildActionMask = 2147483647;
			files = (
			);
			runOnlyForDeploymentPostprocessing = 0;
		};
		CACA8E371B6CD85F00F051B8 /* Resources */ = {
			isa = PBXResourcesBuildPhase;
			buildActionMask = 2147483647;
			files = (
				CACA8E431B6CD85F00F051B8 /* Main.storyboard in Resources */,
				CACA8E481B6CD85F00F051B8 /* LaunchScreen.xib in Resources */,
				CACA8E451B6CD85F00F051B8 /* Images.xcassets in Resources */,
			);
			runOnlyForDeploymentPostprocessing = 0;
		};
		CACC47F31B6B9DDA00FDF2BF /* Resources */ = {
			isa = PBXResourcesBuildPhase;
			buildActionMask = 2147483647;
			files = (
			);
			runOnlyForDeploymentPostprocessing = 0;
		};
		CACC47FE1B6B9DDA00FDF2BF /* Resources */ = {
			isa = PBXResourcesBuildPhase;
			buildActionMask = 2147483647;
			files = (
			);
			runOnlyForDeploymentPostprocessing = 0;
		};
		CAFDEA221BFF749B00AF7A09 /* Resources */ = {
			isa = PBXResourcesBuildPhase;
			buildActionMask = 2147483647;
			files = (
			);
			runOnlyForDeploymentPostprocessing = 0;
		};
/* End PBXResourcesBuildPhase section */

/* Begin PBXSourcesBuildPhase section */
		CA3159F61B6D2FB5004A8F2C /* Sources */ = {
			isa = PBXSourcesBuildPhase;
			buildActionMask = 2147483647;
			files = (
				CAEF5DCE1B6D3D61005684E2 /* Action.swift in Sources */,
				CAEEE11B1BFDC3C5000C1B09 /* ReduceStore.swift in Sources */,
				CAFDEA181BFF59E500AF7A09 /* StoreBase.swift in Sources */,
				CAEF5DCF1B6D3D64005684E2 /* Dispatcher.swift in Sources */,
				CAEF5DCD1B6D3D5F005684E2 /* Store.swift in Sources */,
			);
			runOnlyForDeploymentPostprocessing = 0;
		};
		CA315A011B6D2FB5004A8F2C /* Sources */ = {
			isa = PBXSourcesBuildPhase;
			buildActionMask = 2147483647;
			files = (
				CAFDEA1C1BFF5D5300AF7A09 /* StoreBaseSpec.swift in Sources */,
				CAEEE11A1BFDBB2A000C1B09 /* ReduceStoreSpec.swift in Sources */,
				CA1C3FED1B791CA30048126F /* ActionCreatorSpec.swift in Sources */,
				CA7C54011B6DF4B400F393CB /* StoreSpec.swift in Sources */,
				CAEF5DBE1B6D3989005684E2 /* DispatcherSpec.swift in Sources */,
			);
			runOnlyForDeploymentPostprocessing = 0;
		};
		CACA8E351B6CD85F00F051B8 /* Sources */ = {
			isa = PBXSourcesBuildPhase;
			buildActionMask = 2147483647;
			files = (
				CAFDEA1E1BFF64F700AF7A09 /* CreateTodoViewController.swift in Sources */,
				CACA8E691B6CD91200F051B8 /* TodoAction.swift in Sources */,
				CACA8E6E1B6CD95600F051B8 /* TodoStore.swift in Sources */,
				CACA8E401B6CD85F00F051B8 /* TodoListViewController.swift in Sources */,
				CACA8E3E1B6CD85F00F051B8 /* AppDelegate.swift in Sources */,
				CACA8E6C1B6CD93E00F051B8 /* Todo.swift in Sources */,
			);
			runOnlyForDeploymentPostprocessing = 0;
		};
		CACC47F01B6B9DDA00FDF2BF /* Sources */ = {
			isa = PBXSourcesBuildPhase;
			buildActionMask = 2147483647;
			files = (
				CACC48161B6BA00D00FDF2BF /* Store.swift in Sources */,
				CAEAF03C1BFB97DF0021CC66 /* ReduceStore.swift in Sources */,
				CAFDEA171BFF59E000AF7A09 /* StoreBase.swift in Sources */,
				CACC48141B6B9E8000FDF2BF /* Action.swift in Sources */,
				CACC48121B6B9E4900FDF2BF /* Dispatcher.swift in Sources */,
			);
			runOnlyForDeploymentPostprocessing = 0;
		};
		CACC47FC1B6B9DDA00FDF2BF /* Sources */ = {
			isa = PBXSourcesBuildPhase;
			buildActionMask = 2147483647;
			files = (
				CAFDEA1B1BFF5D5300AF7A09 /* StoreBaseSpec.swift in Sources */,
				CAEEE1191BFDBB29000C1B09 /* ReduceStoreSpec.swift in Sources */,
				CA1C3FEC1B791CA20048126F /* ActionCreatorSpec.swift in Sources */,
				CA7C54001B6DF4B400F393CB /* StoreSpec.swift in Sources */,
				CAEF5DBD1B6D3989005684E2 /* DispatcherSpec.swift in Sources */,
			);
			runOnlyForDeploymentPostprocessing = 0;
		};
		CAFDEA1F1BFF749B00AF7A09 /* Sources */ = {
			isa = PBXSourcesBuildPhase;
			buildActionMask = 2147483647;
			files = (
				CAFDEA2E1BFF762300AF7A09 /* Store.swift in Sources */,
				CAFDEA301BFF762700AF7A09 /* ReduceStore.swift in Sources */,
				CAFDEA2C1BFF762200AF7A09 /* Dispatcher.swift in Sources */,
				CAFDEA2F1BFF762700AF7A09 /* StoreBase.swift in Sources */,
				CAFDEA2D1BFF762200AF7A09 /* Action.swift in Sources */,
			);
			runOnlyForDeploymentPostprocessing = 0;
		};
/* End PBXSourcesBuildPhase section */

/* Begin PBXTargetDependency section */
		CA315A081B6D2FB5004A8F2C /* PBXTargetDependency */ = {
			isa = PBXTargetDependency;
			target = CA3159FA1B6D2FB5004A8F2C /* SwiftFlux-Mac */;
			targetProxy = CA315A071B6D2FB5004A8F2C /* PBXContainerItemProxy */;
		};
		CACA8E5E1B6CD87600F051B8 /* PBXTargetDependency */ = {
			isa = PBXTargetDependency;
			target = CACC47F41B6B9DDA00FDF2BF /* SwiftFlux-iOS */;
			targetProxy = CACA8E5D1B6CD87600F051B8 /* PBXContainerItemProxy */;
		};
		CACC48031B6B9DDA00FDF2BF /* PBXTargetDependency */ = {
			isa = PBXTargetDependency;
			target = CACC47F41B6B9DDA00FDF2BF /* SwiftFlux-iOS */;
			targetProxy = CACC48021B6B9DDA00FDF2BF /* PBXContainerItemProxy */;
		};
/* End PBXTargetDependency section */

/* Begin PBXVariantGroup section */
		CACA8E411B6CD85F00F051B8 /* Main.storyboard */ = {
			isa = PBXVariantGroup;
			children = (
				CACA8E421B6CD85F00F051B8 /* Base */,
			);
			name = Main.storyboard;
			sourceTree = "<group>";
		};
		CACA8E461B6CD85F00F051B8 /* LaunchScreen.xib */ = {
			isa = PBXVariantGroup;
			children = (
				CACA8E471B6CD85F00F051B8 /* Base */,
			);
			name = LaunchScreen.xib;
			sourceTree = "<group>";
		};
/* End PBXVariantGroup section */

/* Begin XCBuildConfiguration section */
		CA315A0E1B6D2FB5004A8F2C /* Debug */ = {
			isa = XCBuildConfiguration;
			buildSettings = {
				CLANG_ENABLE_MODULES = YES;
				COMBINE_HIDPI_IMAGES = YES;
				DEBUG_INFORMATION_FORMAT = dwarf;
				DEFINES_MODULE = YES;
				DYLIB_COMPATIBILITY_VERSION = 1;
				DYLIB_CURRENT_VERSION = 1;
				DYLIB_INSTALL_NAME_BASE = "@rpath";
				FRAMEWORK_SEARCH_PATHS = (
					"$(inherited)",
					"$(PROJECT_DIR)/Carthage/Build/Mac",
				);
				FRAMEWORK_VERSION = A;
				GCC_PREPROCESSOR_DEFINITIONS = (
					"DEBUG=1",
					"$(inherited)",
				);
				INFOPLIST_FILE = SwiftFlux/Info.plist;
				INSTALL_PATH = "$(LOCAL_LIBRARY_DIR)/Frameworks";
				LD_RUNPATH_SEARCH_PATHS = "$(inherited) @executable_path/../Frameworks @loader_path/Frameworks";
				LIBRARY_SEARCH_PATHS = "$(inherited)";
				MACOSX_DEPLOYMENT_TARGET = 10.9;
				PRODUCT_BUNDLE_IDENTIFIER = "jp.mog2dev.$(PRODUCT_NAME:rfc1034identifier)";
				PRODUCT_NAME = "$(PROJECT_NAME)";
				SDKROOT = macosx;
				SKIP_INSTALL = YES;
				SWIFT_OPTIMIZATION_LEVEL = "-Onone";
				SWIFT_VERSION = 3.0.1;
				VALID_ARCHS = "i386 x86_64";
			};
			name = Debug;
		};
		CA315A0F1B6D2FB5004A8F2C /* Release */ = {
			isa = XCBuildConfiguration;
			buildSettings = {
				CLANG_ENABLE_MODULES = YES;
				COMBINE_HIDPI_IMAGES = YES;
				DEFINES_MODULE = YES;
				DYLIB_COMPATIBILITY_VERSION = 1;
				DYLIB_CURRENT_VERSION = 1;
				DYLIB_INSTALL_NAME_BASE = "@rpath";
				FRAMEWORK_SEARCH_PATHS = (
					"$(inherited)",
					"$(PROJECT_DIR)/Carthage/Build/Mac",
				);
				FRAMEWORK_VERSION = A;
				INFOPLIST_FILE = SwiftFlux/Info.plist;
				INSTALL_PATH = "$(LOCAL_LIBRARY_DIR)/Frameworks";
				LD_RUNPATH_SEARCH_PATHS = "$(inherited) @executable_path/../Frameworks @loader_path/Frameworks";
				LIBRARY_SEARCH_PATHS = "$(inherited)";
				MACOSX_DEPLOYMENT_TARGET = 10.9;
				PRODUCT_BUNDLE_IDENTIFIER = "jp.mog2dev.$(PRODUCT_NAME:rfc1034identifier)";
				PRODUCT_NAME = "$(PROJECT_NAME)";
				SDKROOT = macosx;
				SKIP_INSTALL = YES;
				SWIFT_VERSION = 3.0.1;
				VALID_ARCHS = "i386 x86_64";
			};
			name = Release;
		};
		CA315A101B6D2FB5004A8F2C /* Debug */ = {
			isa = XCBuildConfiguration;
			buildSettings = {
				CLANG_ENABLE_MODULES = YES;
				COMBINE_HIDPI_IMAGES = YES;
				DEBUG_INFORMATION_FORMAT = dwarf;
				DEFINES_MODULE = NO;
				FRAMEWORK_SEARCH_PATHS = (
					"$(DEVELOPER_FRAMEWORKS_DIR)",
					"$(inherited)",
					"$(PROJECT_DIR)/Carthage/Build/Mac",
				);
				GCC_PREPROCESSOR_DEFINITIONS = (
					"DEBUG=1",
					"$(inherited)",
				);
				INFOPLIST_FILE = SwiftFluxTests/Info.plist;
				LD_RUNPATH_SEARCH_PATHS = "$(inherited) @executable_path/../Frameworks @loader_path/../Frameworks";
				LIBRARY_SEARCH_PATHS = "$(inherited)";
				MACOSX_DEPLOYMENT_TARGET = 10.9;
				PRODUCT_BUNDLE_IDENTIFIER = "jp.mog2dev.$(PRODUCT_NAME:rfc1034identifier)";
				PRODUCT_NAME = SwiftFluxTests;
				SDKROOT = macosx;
				SWIFT_OPTIMIZATION_LEVEL = "-Onone";
				SWIFT_VERSION = 3.0.1;
				VALID_ARCHS = "i386 x86_64";
			};
			name = Debug;
		};
		CA315A111B6D2FB5004A8F2C /* Release */ = {
			isa = XCBuildConfiguration;
			buildSettings = {
				CLANG_ENABLE_MODULES = YES;
				COMBINE_HIDPI_IMAGES = YES;
				DEFINES_MODULE = NO;
				FRAMEWORK_SEARCH_PATHS = (
					"$(DEVELOPER_FRAMEWORKS_DIR)",
					"$(inherited)",
					"$(PROJECT_DIR)/Carthage/Build/Mac",
				);
				INFOPLIST_FILE = SwiftFluxTests/Info.plist;
				LD_RUNPATH_SEARCH_PATHS = "$(inherited) @executable_path/../Frameworks @loader_path/../Frameworks";
				LIBRARY_SEARCH_PATHS = "$(inherited)";
				MACOSX_DEPLOYMENT_TARGET = 10.9;
				PRODUCT_BUNDLE_IDENTIFIER = "jp.mog2dev.$(PRODUCT_NAME:rfc1034identifier)";
				PRODUCT_NAME = SwiftFluxTests;
				SDKROOT = macosx;
				SWIFT_VERSION = 3.0.1;
				VALID_ARCHS = "i386 x86_64";
			};
			name = Release;
		};
		CACA8E551B6CD85F00F051B8 /* Debug */ = {
			isa = XCBuildConfiguration;
			buildSettings = {
				ASSETCATALOG_COMPILER_APPICON_NAME = AppIcon;
				ENABLE_BITCODE = YES;
				FRAMEWORK_SEARCH_PATHS = (
					"$(inherited)",
					"$(PROJECT_DIR)/Carthage/Build/iOS",
				);
				GCC_PREPROCESSOR_DEFINITIONS = (
					"DEBUG=1",
					"$(inherited)",
				);
				INFOPLIST_FILE = DemoApp/Info.plist;
				IPHONEOS_DEPLOYMENT_TARGET = 8.0;
				LD_RUNPATH_SEARCH_PATHS = "$(inherited) @executable_path/Frameworks";
				PRODUCT_BUNDLE_IDENTIFIER = "jp.mog2dev.$(PRODUCT_NAME:rfc1034identifier)";
				PRODUCT_NAME = "$(TARGET_NAME)";
				SWIFT_VERSION = 3.0.1;
			};
			name = Debug;
		};
		CACA8E561B6CD85F00F051B8 /* Release */ = {
			isa = XCBuildConfiguration;
			buildSettings = {
				ASSETCATALOG_COMPILER_APPICON_NAME = AppIcon;
				ENABLE_BITCODE = YES;
				FRAMEWORK_SEARCH_PATHS = (
					"$(inherited)",
					"$(PROJECT_DIR)/Carthage/Build/iOS",
				);
				INFOPLIST_FILE = DemoApp/Info.plist;
				IPHONEOS_DEPLOYMENT_TARGET = 8.0;
				LD_RUNPATH_SEARCH_PATHS = "$(inherited) @executable_path/Frameworks";
				PRODUCT_BUNDLE_IDENTIFIER = "jp.mog2dev.$(PRODUCT_NAME:rfc1034identifier)";
				PRODUCT_NAME = "$(TARGET_NAME)";
				SWIFT_VERSION = 3.0.1;
			};
			name = Release;
		};
		CACC48091B6B9DDA00FDF2BF /* Debug */ = {
			isa = XCBuildConfiguration;
			buildSettings = {
				ALWAYS_SEARCH_USER_PATHS = NO;
				CLANG_CXX_LANGUAGE_STANDARD = "gnu++0x";
				CLANG_CXX_LIBRARY = "libc++";
				CLANG_ENABLE_MODULES = YES;
				CLANG_ENABLE_OBJC_ARC = YES;
				CLANG_WARN_BOOL_CONVERSION = YES;
				CLANG_WARN_CONSTANT_CONVERSION = YES;
				CLANG_WARN_DIRECT_OBJC_ISA_USAGE = YES_ERROR;
				CLANG_WARN_EMPTY_BODY = YES;
				CLANG_WARN_ENUM_CONVERSION = YES;
				CLANG_WARN_INFINITE_RECURSION = YES;
				CLANG_WARN_INT_CONVERSION = YES;
				CLANG_WARN_OBJC_ROOT_CLASS = YES_ERROR;
				CLANG_WARN_SUSPICIOUS_MOVE = YES;
				CLANG_WARN_UNREACHABLE_CODE = YES;
				CLANG_WARN__DUPLICATE_METHOD_MATCH = YES;
				"CODE_SIGN_IDENTITY[sdk=iphoneos*]" = "";
				COPY_PHASE_STRIP = NO;
				CURRENT_PROJECT_VERSION = 1;
				DEBUG_INFORMATION_FORMAT = "dwarf-with-dsym";
				ENABLE_STRICT_OBJC_MSGSEND = YES;
				ENABLE_TESTABILITY = YES;
				GCC_C_LANGUAGE_STANDARD = gnu99;
				GCC_DYNAMIC_NO_PIC = NO;
				GCC_NO_COMMON_BLOCKS = YES;
				GCC_OPTIMIZATION_LEVEL = 0;
				GCC_PREPROCESSOR_DEFINITIONS = (
					"DEBUG=1",
					"$(inherited)",
				);
				GCC_SYMBOLS_PRIVATE_EXTERN = NO;
				GCC_WARN_64_TO_32_BIT_CONVERSION = YES;
				GCC_WARN_ABOUT_RETURN_TYPE = YES_ERROR;
				GCC_WARN_UNDECLARED_SELECTOR = YES;
				GCC_WARN_UNINITIALIZED_AUTOS = YES_AGGRESSIVE;
				GCC_WARN_UNUSED_FUNCTION = YES;
				GCC_WARN_UNUSED_VARIABLE = YES;
				IPHONEOS_DEPLOYMENT_TARGET = 8.0;
				MACOSX_DEPLOYMENT_TARGET = 10.9;
				MTL_ENABLE_DEBUG_INFO = YES;
				ONLY_ACTIVE_ARCH = YES;
				SDKROOT = iphoneos;
				SWIFT_OPTIMIZATION_LEVEL = "-Onone";
				SWIFT_VERSION = 2.3;
				TARGETED_DEVICE_FAMILY = "1,2";
				VALID_ARCHS = "arm64 armv7 armv7s";
				VERSIONING_SYSTEM = "apple-generic";
				VERSION_INFO_PREFIX = "";
			};
			name = Debug;
		};
		CACC480A1B6B9DDA00FDF2BF /* Release */ = {
			isa = XCBuildConfiguration;
			buildSettings = {
				ALWAYS_SEARCH_USER_PATHS = NO;
				CLANG_CXX_LANGUAGE_STANDARD = "gnu++0x";
				CLANG_CXX_LIBRARY = "libc++";
				CLANG_ENABLE_MODULES = YES;
				CLANG_ENABLE_OBJC_ARC = YES;
				CLANG_WARN_BOOL_CONVERSION = YES;
				CLANG_WARN_CONSTANT_CONVERSION = YES;
				CLANG_WARN_DIRECT_OBJC_ISA_USAGE = YES_ERROR;
				CLANG_WARN_EMPTY_BODY = YES;
				CLANG_WARN_ENUM_CONVERSION = YES;
				CLANG_WARN_INFINITE_RECURSION = YES;
				CLANG_WARN_INT_CONVERSION = YES;
				CLANG_WARN_OBJC_ROOT_CLASS = YES_ERROR;
				CLANG_WARN_SUSPICIOUS_MOVE = YES;
				CLANG_WARN_UNREACHABLE_CODE = YES;
				CLANG_WARN__DUPLICATE_METHOD_MATCH = YES;
				"CODE_SIGN_IDENTITY[sdk=iphoneos*]" = "";
				COPY_PHASE_STRIP = NO;
				CURRENT_PROJECT_VERSION = 1;
				DEBUG_INFORMATION_FORMAT = "dwarf-with-dsym";
				ENABLE_NS_ASSERTIONS = NO;
				ENABLE_STRICT_OBJC_MSGSEND = YES;
				GCC_C_LANGUAGE_STANDARD = gnu99;
				GCC_NO_COMMON_BLOCKS = YES;
				GCC_WARN_64_TO_32_BIT_CONVERSION = YES;
				GCC_WARN_ABOUT_RETURN_TYPE = YES_ERROR;
				GCC_WARN_UNDECLARED_SELECTOR = YES;
				GCC_WARN_UNINITIALIZED_AUTOS = YES_AGGRESSIVE;
				GCC_WARN_UNUSED_FUNCTION = YES;
				GCC_WARN_UNUSED_VARIABLE = YES;
				IPHONEOS_DEPLOYMENT_TARGET = 8.0;
				MACOSX_DEPLOYMENT_TARGET = 10.9;
				MTL_ENABLE_DEBUG_INFO = NO;
				SDKROOT = iphoneos;
				SWIFT_OPTIMIZATION_LEVEL = "-Owholemodule";
				SWIFT_VERSION = 2.3;
				TARGETED_DEVICE_FAMILY = "1,2";
				VALIDATE_PRODUCT = YES;
				VALID_ARCHS = "arm64 armv7 armv7s";
				VERSIONING_SYSTEM = "apple-generic";
				VERSION_INFO_PREFIX = "";
			};
			name = Release;
		};
		CACC480C1B6B9DDA00FDF2BF /* Debug */ = {
			isa = XCBuildConfiguration;
			buildSettings = {
				APPLICATION_EXTENSION_API_ONLY = YES;
				CLANG_ENABLE_MODULES = YES;
				CODE_SIGNING_REQUIRED = NO;
				"CODE_SIGN_IDENTITY[sdk=iphoneos*]" = "";
				DEFINES_MODULE = YES;
				DYLIB_COMPATIBILITY_VERSION = 1;
				DYLIB_CURRENT_VERSION = 1;
				DYLIB_INSTALL_NAME_BASE = "@rpath";
				ENABLE_BITCODE = YES;
				FRAMEWORK_SEARCH_PATHS = (
					"$(inherited)",
					"$(PROJECT_DIR)/Carthage/Build/iOS",
				);
				INFOPLIST_FILE = SwiftFlux/Info.plist;
				INSTALL_PATH = "$(LOCAL_LIBRARY_DIR)/Frameworks";
				LD_RUNPATH_SEARCH_PATHS = "$(inherited) @executable_path/Frameworks @loader_path/Frameworks";
				LIBRARY_SEARCH_PATHS = "$(inherited)";
				PRODUCT_BUNDLE_IDENTIFIER = "jp.mog2dev.$(PRODUCT_NAME:rfc1034identifier)";
				PRODUCT_NAME = "$(PROJECT_NAME)";
				SKIP_INSTALL = YES;
				SWIFT_OPTIMIZATION_LEVEL = "-Onone";
				SWIFT_VERSION = 3.0.1;
			};
			name = Debug;
		};
		CACC480D1B6B9DDA00FDF2BF /* Release */ = {
			isa = XCBuildConfiguration;
			buildSettings = {
				APPLICATION_EXTENSION_API_ONLY = YES;
				CLANG_ENABLE_MODULES = YES;
				CODE_SIGNING_REQUIRED = NO;
				"CODE_SIGN_IDENTITY[sdk=iphoneos*]" = "";
				DEFINES_MODULE = YES;
				DYLIB_COMPATIBILITY_VERSION = 1;
				DYLIB_CURRENT_VERSION = 1;
				DYLIB_INSTALL_NAME_BASE = "@rpath";
				ENABLE_BITCODE = YES;
				FRAMEWORK_SEARCH_PATHS = (
					"$(inherited)",
					"$(PROJECT_DIR)/Carthage/Build/iOS",
				);
				INFOPLIST_FILE = SwiftFlux/Info.plist;
				INSTALL_PATH = "$(LOCAL_LIBRARY_DIR)/Frameworks";
				LD_RUNPATH_SEARCH_PATHS = "$(inherited) @executable_path/Frameworks @loader_path/Frameworks";
				LIBRARY_SEARCH_PATHS = "$(inherited)";
				PRODUCT_BUNDLE_IDENTIFIER = "jp.mog2dev.$(PRODUCT_NAME:rfc1034identifier)";
				PRODUCT_NAME = "$(PROJECT_NAME)";
				SKIP_INSTALL = YES;
				SWIFT_VERSION = 3.0.1;
			};
			name = Release;
		};
		CACC480F1B6B9DDA00FDF2BF /* Debug */ = {
			isa = XCBuildConfiguration;
			buildSettings = {
				DEFINES_MODULE = NO;
				FRAMEWORK_SEARCH_PATHS = (
					"$(inherited)",
					"$(PROJECT_DIR)/Carthage/Build/iOS",
				);
				GCC_PREPROCESSOR_DEFINITIONS = (
					"DEBUG=1",
					"$(inherited)",
				);
				INFOPLIST_FILE = SwiftFluxTests/Info.plist;
				LD_RUNPATH_SEARCH_PATHS = "$(inherited) @executable_path/Frameworks @loader_path/Frameworks";
				LIBRARY_SEARCH_PATHS = "$(inherited)";
				PRODUCT_BUNDLE_IDENTIFIER = "jp.mog2dev.$(PRODUCT_NAME:rfc1034identifier)";
				PRODUCT_NAME = SwiftFluxTests;
				SWIFT_VERSION = 3.0.1;
			};
			name = Debug;
		};
		CACC48101B6B9DDA00FDF2BF /* Release */ = {
			isa = XCBuildConfiguration;
			buildSettings = {
				DEFINES_MODULE = NO;
				FRAMEWORK_SEARCH_PATHS = (
					"$(inherited)",
					"$(PROJECT_DIR)/Carthage/Build/iOS",
				);
				INFOPLIST_FILE = SwiftFluxTests/Info.plist;
				LD_RUNPATH_SEARCH_PATHS = "$(inherited) @executable_path/Frameworks @loader_path/Frameworks";
				LIBRARY_SEARCH_PATHS = "$(inherited)";
				PRODUCT_BUNDLE_IDENTIFIER = "jp.mog2dev.$(PRODUCT_NAME:rfc1034identifier)";
				PRODUCT_NAME = SwiftFluxTests;
				SWIFT_VERSION = 3.0.1;
			};
			name = Release;
		};
		CAFDEA291BFF749B00AF7A09 /* Debug */ = {
			isa = XCBuildConfiguration;
			buildSettings = {
				APPLICATION_EXTENSION_API_ONLY = YES;
				"CODE_SIGN_IDENTITY[sdk=watchos*]" = "";
				DEBUG_INFORMATION_FORMAT = dwarf;
				DEFINES_MODULE = YES;
				DYLIB_COMPATIBILITY_VERSION = 1;
				DYLIB_CURRENT_VERSION = 1;
				DYLIB_INSTALL_NAME_BASE = "@rpath";
				FRAMEWORK_SEARCH_PATHS = "$(PROJECT_DIR)/Carthage/Build/watchOS";
				INFOPLIST_FILE = SwiftFlux/Info.plist;
				INSTALL_PATH = "$(LOCAL_LIBRARY_DIR)/Frameworks";
				LD_RUNPATH_SEARCH_PATHS = "$(inherited) @executable_path/Frameworks @loader_path/Frameworks";
				PRODUCT_BUNDLE_IDENTIFIER = jp.mog2dev.SwiftFlux;
				PRODUCT_NAME = "$(PROJECT_NAME)";
				SDKROOT = watchos;
				SKIP_INSTALL = YES;
				SWIFT_VERSION = 2.3;
				TARGETED_DEVICE_FAMILY = 4;
				WATCHOS_DEPLOYMENT_TARGET = 2.0;
			};
			name = Debug;
		};
		CAFDEA2A1BFF749B00AF7A09 /* Release */ = {
			isa = XCBuildConfiguration;
			buildSettings = {
				APPLICATION_EXTENSION_API_ONLY = YES;
				"CODE_SIGN_IDENTITY[sdk=watchos*]" = "";
				DEFINES_MODULE = YES;
				DYLIB_COMPATIBILITY_VERSION = 1;
				DYLIB_CURRENT_VERSION = 1;
				DYLIB_INSTALL_NAME_BASE = "@rpath";
				FRAMEWORK_SEARCH_PATHS = "$(PROJECT_DIR)/Carthage/Build/watchOS";
				INFOPLIST_FILE = SwiftFlux/Info.plist;
				INSTALL_PATH = "$(LOCAL_LIBRARY_DIR)/Frameworks";
				LD_RUNPATH_SEARCH_PATHS = "$(inherited) @executable_path/Frameworks @loader_path/Frameworks";
				PRODUCT_BUNDLE_IDENTIFIER = jp.mog2dev.SwiftFlux;
				PRODUCT_NAME = "$(PROJECT_NAME)";
				SDKROOT = watchos;
				SKIP_INSTALL = YES;
				SWIFT_VERSION = 2.3;
				TARGETED_DEVICE_FAMILY = 4;
				WATCHOS_DEPLOYMENT_TARGET = 2.0;
			};
			name = Release;
		};
/* End XCBuildConfiguration section */

/* Begin XCConfigurationList section */
		CA315A121B6D2FB5004A8F2C /* Build configuration list for PBXNativeTarget "SwiftFlux-Mac" */ = {
			isa = XCConfigurationList;
			buildConfigurations = (
				CA315A0E1B6D2FB5004A8F2C /* Debug */,
				CA315A0F1B6D2FB5004A8F2C /* Release */,
			);
			defaultConfigurationIsVisible = 0;
			defaultConfigurationName = Release;
		};
		CA315A131B6D2FB5004A8F2C /* Build configuration list for PBXNativeTarget "SwiftFlux-MacTests" */ = {
			isa = XCConfigurationList;
			buildConfigurations = (
				CA315A101B6D2FB5004A8F2C /* Debug */,
				CA315A111B6D2FB5004A8F2C /* Release */,
			);
			defaultConfigurationIsVisible = 0;
			defaultConfigurationName = Release;
		};
		CACA8E591B6CD85F00F051B8 /* Build configuration list for PBXNativeTarget "DemoApp" */ = {
			isa = XCConfigurationList;
			buildConfigurations = (
				CACA8E551B6CD85F00F051B8 /* Debug */,
				CACA8E561B6CD85F00F051B8 /* Release */,
			);
			defaultConfigurationIsVisible = 0;
			defaultConfigurationName = Release;
		};
		CACC47EF1B6B9DDA00FDF2BF /* Build configuration list for PBXProject "SwiftFlux" */ = {
			isa = XCConfigurationList;
			buildConfigurations = (
				CACC48091B6B9DDA00FDF2BF /* Debug */,
				CACC480A1B6B9DDA00FDF2BF /* Release */,
			);
			defaultConfigurationIsVisible = 0;
			defaultConfigurationName = Release;
		};
		CACC480B1B6B9DDA00FDF2BF /* Build configuration list for PBXNativeTarget "SwiftFlux-iOS" */ = {
			isa = XCConfigurationList;
			buildConfigurations = (
				CACC480C1B6B9DDA00FDF2BF /* Debug */,
				CACC480D1B6B9DDA00FDF2BF /* Release */,
			);
			defaultConfigurationIsVisible = 0;
			defaultConfigurationName = Release;
		};
		CACC480E1B6B9DDA00FDF2BF /* Build configuration list for PBXNativeTarget "SwiftFlux-iOSTests" */ = {
			isa = XCConfigurationList;
			buildConfigurations = (
				CACC480F1B6B9DDA00FDF2BF /* Debug */,
				CACC48101B6B9DDA00FDF2BF /* Release */,
			);
			defaultConfigurationIsVisible = 0;
			defaultConfigurationName = Release;
		};
		CAFDEA2B1BFF749B00AF7A09 /* Build configuration list for PBXNativeTarget "SwiftFlux-watchOS" */ = {
			isa = XCConfigurationList;
			buildConfigurations = (
				CAFDEA291BFF749B00AF7A09 /* Debug */,
				CAFDEA2A1BFF749B00AF7A09 /* Release */,
			);
			defaultConfigurationIsVisible = 0;
			defaultConfigurationName = Release;
		};
/* End XCConfigurationList section */
	};
	rootObject = CACC47EC1B6B9DDA00FDF2BF /* Project object */;
}
